
Microsoft Visual Studio Solution File, Format Version 12.00
# Visual Studio Version 17
VisualStudioVersion = 17.4.33213.308
MinimumVisualStudioVersion = 10.0.40219.1
Project("{FAE04EC0-301F-11D3-BF4B-00C04F79EFBC}") = "Ejercicio1", "Ejercicio1.csproj", "{A054CB6E-7FC1-4CCD-98AA-37BA627111CA}"
EndProject
Global
	GlobalSection(SolutionConfigurationPlatforms) = preSolution
		Debug|Any CPU = Debug|Any CPU
		Release|Any CPU = Release|Any CPU
	EndGlobalSection
	GlobalSection(ProjectConfigurationPlatforms) = postSolution
		{A054CB6E-7FC1-4CCD-98AA-37BA627111CA}.Debug|Any CPU.ActiveCfg = Debug|Any CPU
		{A054CB6E-7FC1-4CCD-98AA-37BA627111CA}.Debug|Any CPU.Build.0 = Debug|Any CPU
		{A054CB6E-7FC1-4CCD-98AA-37BA627111CA}.Release|Any CPU.ActiveCfg = Release|Any CPU
		{A054CB6E-7FC1-4CCD-98AA-37BA627111CA}.Release|Any CPU.Build.0 = Release|Any CPU
	EndGlobalSection
	GlobalSection(SolutionProperties) = preSolution
		HideSolutionNode = FALSE
	EndGlobalSection
	GlobalSection(ExtensibilityGlobals) = postSolution
		SolutionGuid = {2E8DD8E5-01EE-45CE-980F-9F84ED216B56}
	EndGlobalSection
EndGlobal
